// !$*UTF8*$!
{
	archiveVersion = 1;
	classes = {
	};
	objectVersion = 50;
	objects = {

/* Begin PBXBuildFile section */
		59F2B55426B471A000385241 /* Quiz.swift in Sources */ = {isa = PBXBuildFile; fileRef = 59F2B55326B471A000385241 /* Quiz.swift */; };
		59F2B55626B4721600385241 /* QuestionCard.swift in Sources */ = {isa = PBXBuildFile; fileRef = 59F2B55526B4721600385241 /* QuestionCard.swift */; };
		59F2B55826B4722800385241 /* Answer.swift in Sources */ = {isa = PBXBuildFile; fileRef = 59F2B55726B4722800385241 /* Answer.swift */; };
		59F2B55B26B474E500385241 /* QuizDataManager.swift in Sources */ = {isa = PBXBuildFile; fileRef = 59F2B55A26B474E500385241 /* QuizDataManager.swift */; };
		B53AC76826B4231D007B8EBE /* EnterViewController.swift in Sources */ = {isa = PBXBuildFile; fileRef = B53AC76726B4231D007B8EBE /* EnterViewController.swift */; };
		B56EE60F26B3CCE30072512B /* AppDelegate.swift in Sources */ = {isa = PBXBuildFile; fileRef = B56EE60E26B3CCE30072512B /* AppDelegate.swift */; };
		B56EE61126B3CCE30072512B /* SceneDelegate.swift in Sources */ = {isa = PBXBuildFile; fileRef = B56EE61026B3CCE30072512B /* SceneDelegate.swift */; };
		B56EE61626B3CCE30072512B /* Main.storyboard in Resources */ = {isa = PBXBuildFile; fileRef = B56EE61426B3CCE30072512B /* Main.storyboard */; };
		B56EE61826B3CCE40072512B /* Assets.xcassets in Resources */ = {isa = PBXBuildFile; fileRef = B56EE61726B3CCE40072512B /* Assets.xcassets */; };
		B56EE61B26B3CCE40072512B /* LaunchScreen.storyboard in Resources */ = {isa = PBXBuildFile; fileRef = B56EE61926B3CCE40072512B /* LaunchScreen.storyboard */; };
/* End PBXBuildFile section */

/* Begin PBXFileReference section */
		59F2B55326B471A000385241 /* Quiz.swift */ = {isa = PBXFileReference; lastKnownFileType = sourcecode.swift; path = Quiz.swift; sourceTree = "<group>"; };
		59F2B55526B4721600385241 /* QuestionCard.swift */ = {isa = PBXFileReference; lastKnownFileType = sourcecode.swift; path = QuestionCard.swift; sourceTree = "<group>"; };
		59F2B55726B4722800385241 /* Answer.swift */ = {isa = PBXFileReference; lastKnownFileType = sourcecode.swift; path = Answer.swift; sourceTree = "<group>"; };
		59F2B55A26B474E500385241 /* QuizDataManager.swift */ = {isa = PBXFileReference; lastKnownFileType = sourcecode.swift; path = QuizDataManager.swift; sourceTree = "<group>"; };
		B53AC76726B4231D007B8EBE /* EnterViewController.swift */ = {isa = PBXFileReference; lastKnownFileType = sourcecode.swift; path = EnterViewController.swift; sourceTree = "<group>"; };
		B56EE60B26B3CCE30072512B /* MegaQuizzer.app */ = {isa = PBXFileReference; explicitFileType = wrapper.application; includeInIndex = 0; path = MegaQuizzer.app; sourceTree = BUILT_PRODUCTS_DIR; };
		B56EE60E26B3CCE30072512B /* AppDelegate.swift */ = {isa = PBXFileReference; lastKnownFileType = sourcecode.swift; path = AppDelegate.swift; sourceTree = "<group>"; };
		B56EE61026B3CCE30072512B /* SceneDelegate.swift */ = {isa = PBXFileReference; lastKnownFileType = sourcecode.swift; path = SceneDelegate.swift; sourceTree = "<group>"; };
		B56EE61526B3CCE30072512B /* Base */ = {isa = PBXFileReference; lastKnownFileType = file.storyboard; name = Base; path = Base.lproj/Main.storyboard; sourceTree = "<group>"; };
		B56EE61726B3CCE40072512B /* Assets.xcassets */ = {isa = PBXFileReference; lastKnownFileType = folder.assetcatalog; path = Assets.xcassets; sourceTree = "<group>"; };
		B56EE61A26B3CCE40072512B /* Base */ = {isa = PBXFileReference; lastKnownFileType = file.storyboard; name = Base; path = Base.lproj/LaunchScreen.storyboard; sourceTree = "<group>"; };
		B56EE61C26B3CCE40072512B /* Info.plist */ = {isa = PBXFileReference; lastKnownFileType = text.plist.xml; path = Info.plist; sourceTree = "<group>"; };
/* End PBXFileReference section */

/* Begin PBXFrameworksBuildPhase section */
		B56EE60826B3CCE30072512B /* Frameworks */ = {
			isa = PBXFrameworksBuildPhase;
			buildActionMask = 2147483647;
			files = (
			);
			runOnlyForDeploymentPostprocessing = 0;
		};
/* End PBXFrameworksBuildPhase section */

/* Begin PBXGroup section */
		59F2B55226B4717600385241 /* Models */ = {
			isa = PBXGroup;
			children = (
				59F2B55326B471A000385241 /* Quiz.swift */,
				59F2B55526B4721600385241 /* QuestionCard.swift */,
				59F2B55726B4722800385241 /* Answer.swift */,
			);
			path = Models;
			sourceTree = "<group>";
		};
		59F2B55926B474B400385241 /* DataManagers */ = {
			isa = PBXGroup;
			children = (
				59F2B55A26B474E500385241 /* QuizDataManager.swift */,
			);
			path = DataManagers;
			sourceTree = "<group>";
		};
		B56EE60226B3CCE30072512B = {
			isa = PBXGroup;
			children = (
				B56EE60D26B3CCE30072512B /* MegaQuizzer */,
				B56EE60C26B3CCE30072512B /* Products */,
			);
			sourceTree = "<group>";
		};
		B56EE60C26B3CCE30072512B /* Products */ = {
			isa = PBXGroup;
			children = (
				B56EE60B26B3CCE30072512B /* MegaQuizzer.app */,
			);
			name = Products;
			sourceTree = "<group>";
		};
		B56EE60D26B3CCE30072512B /* MegaQuizzer */ = {
			isa = PBXGroup;
			children = (
				B53AC76726B4231D007B8EBE /* EnterViewController.swift */,
				B56EE60E26B3CCE30072512B /* AppDelegate.swift */,
				B56EE61026B3CCE30072512B /* SceneDelegate.swift */,
				59F2B55926B474B400385241 /* DataManagers */,
				59F2B55226B4717600385241 /* Models */,
				B56EE61426B3CCE30072512B /* Main.storyboard */,
				B56EE61726B3CCE40072512B /* Assets.xcassets */,
				B56EE61926B3CCE40072512B /* LaunchScreen.storyboard */,
				B56EE61C26B3CCE40072512B /* Info.plist */,
			);
			path = MegaQuizzer;
			sourceTree = "<group>";
		};
/* End PBXGroup section */

/* Begin PBXNativeTarget section */
		B56EE60A26B3CCE30072512B /* MegaQuizzer */ = {
			isa = PBXNativeTarget;
			buildConfigurationList = B56EE61F26B3CCE40072512B /* Build configuration list for PBXNativeTarget "MegaQuizzer" */;
			buildPhases = (
				B56EE60726B3CCE30072512B /* Sources */,
				B56EE60826B3CCE30072512B /* Frameworks */,
				B56EE60926B3CCE30072512B /* Resources */,
			);
			buildRules = (
			);
			dependencies = (
			);
			name = MegaQuizzer;
			productName = MegaQuizzer;
			productReference = B56EE60B26B3CCE30072512B /* MegaQuizzer.app */;
			productType = "com.apple.product-type.application";
		};
/* End PBXNativeTarget section */

/* Begin PBXProject section */
		B56EE60326B3CCE30072512B /* Project object */ = {
			isa = PBXProject;
			attributes = {
				LastSwiftUpdateCheck = 1240;
				LastUpgradeCheck = 1240;
				TargetAttributes = {
					B56EE60A26B3CCE30072512B = {
						CreatedOnToolsVersion = 12.4;
					};
				};
			};
			buildConfigurationList = B56EE60626B3CCE30072512B /* Build configuration list for PBXProject "MegaQuizzer" */;
			compatibilityVersion = "Xcode 9.3";
			developmentRegion = en;
			hasScannedForEncodings = 0;
			knownRegions = (
				en,
				Base,
			);
			mainGroup = B56EE60226B3CCE30072512B;
			productRefGroup = B56EE60C26B3CCE30072512B /* Products */;
			projectDirPath = "";
			projectRoot = "";
			targets = (
				B56EE60A26B3CCE30072512B /* MegaQuizzer */,
			);
		};
/* End PBXProject section */

/* Begin PBXResourcesBuildPhase section */
		B56EE60926B3CCE30072512B /* Resources */ = {
			isa = PBXResourcesBuildPhase;
			buildActionMask = 2147483647;
			files = (
				B56EE61B26B3CCE40072512B /* LaunchScreen.storyboard in Resources */,
				B56EE61826B3CCE40072512B /* Assets.xcassets in Resources */,
				B56EE61626B3CCE30072512B /* Main.storyboard in Resources */,
			);
			runOnlyForDeploymentPostprocessing = 0;
		};
/* End PBXResourcesBuildPhase section */

/* Begin PBXSourcesBuildPhase section */
		B56EE60726B3CCE30072512B /* Sources */ = {
			isa = PBXSourcesBuildPhase;
			buildActionMask = 2147483647;
			files = (
				B56EE60F26B3CCE30072512B /* AppDelegate.swift in Sources */,
				59F2B55626B4721600385241 /* QuestionCard.swift in Sources */,
				B56EE61126B3CCE30072512B /* SceneDelegate.swift in Sources */,
				59F2B55B26B474E500385241 /* QuizDataManager.swift in Sources */,
				59F2B55826B4722800385241 /* Answer.swift in Sources */,
				59F2B55426B471A000385241 /* Quiz.swift in Sources */,
				B53AC76826B4231D007B8EBE /* EnterViewController.swift in Sources */,
			);
			runOnlyForDeploymentPostprocessing = 0;
		};
/* End PBXSourcesBuildPhase section */

/* Begin PBXVariantGroup section */
		B56EE61426B3CCE30072512B /* Main.storyboard */ = {
			isa = PBXVariantGroup;
			children = (
				B56EE61526B3CCE30072512B /* Base */,
			);
			name = Main.storyboard;
			sourceTree = "<group>";
		};
		B56EE61926B3CCE40072512B /* LaunchScreen.storyboard */ = {
			isa = PBXVariantGroup;
			children = (
				B56EE61A26B3CCE40072512B /* Base */,
			);
			name = LaunchScreen.storyboard;
			sourceTree = "<group>";
		};
/* End PBXVariantGroup section */

/* Begin XCBuildConfiguration section */
		B56EE61D26B3CCE40072512B /* Debug */ = {
			isa = XCBuildConfiguration;
			buildSettings = {
				ALWAYS_SEARCH_USER_PATHS = NO;
				CLANG_ANALYZER_NONNULL = YES;
				CLANG_ANALYZER_NUMBER_OBJECT_CONVERSION = YES_AGGRESSIVE;
				CLANG_CXX_LANGUAGE_STANDARD = "gnu++14";
				CLANG_CXX_LIBRARY = "libc++";
				CLANG_ENABLE_MODULES = YES;
				CLANG_ENABLE_OBJC_ARC = YES;
				CLANG_ENABLE_OBJC_WEAK = YES;
				CLANG_WARN_BLOCK_CAPTURE_AUTORELEASING = YES;
				CLANG_WARN_BOOL_CONVERSION = YES;
				CLANG_WARN_COMMA = YES;
				CLANG_WARN_CONSTANT_CONVERSION = YES;
				CLANG_WARN_DEPRECATED_OBJC_IMPLEMENTATIONS = YES;
				CLANG_WARN_DIRECT_OBJC_ISA_USAGE = YES_ERROR;
				CLANG_WARN_DOCUMENTATION_COMMENTS = YES;
				CLANG_WARN_EMPTY_BODY = YES;
				CLANG_WARN_ENUM_CONVERSION = YES;
				CLANG_WARN_INFINITE_RECURSION = YES;
				CLANG_WARN_INT_CONVERSION = YES;
				CLANG_WARN_NON_LITERAL_NULL_CONVERSION = YES;
				CLANG_WARN_OBJC_IMPLICIT_RETAIN_SELF = YES;
				CLANG_WARN_OBJC_LITERAL_CONVERSION = YES;
				CLANG_WARN_OBJC_ROOT_CLASS = YES_ERROR;
				CLANG_WARN_QUOTED_INCLUDE_IN_FRAMEWORK_HEADER = YES;
				CLANG_WARN_RANGE_LOOP_ANALYSIS = YES;
				CLANG_WARN_STRICT_PROTOTYPES = YES;
				CLANG_WARN_SUSPICIOUS_MOVE = YES;
				CLANG_WARN_UNGUARDED_AVAILABILITY = YES_AGGRESSIVE;
				CLANG_WARN_UNREACHABLE_CODE = YES;
				CLANG_WARN__DUPLICATE_METHOD_MATCH = YES;
				COPY_PHASE_STRIP = NO;
				DEBUG_INFORMATION_FORMAT = dwarf;
				ENABLE_STRICT_OBJC_MSGSEND = YES;
				ENABLE_TESTABILITY = YES;
				GCC_C_LANGUAGE_STANDARD = gnu11;
				GCC_DYNAMIC_NO_PIC = NO;
				GCC_NO_COMMON_BLOCKS = YES;
				GCC_OPTIMIZATION_LEVEL = 0;
				GCC_PREPROCESSOR_DEFINITIONS = (
					"DEBUG=1",
					"$(inherited)",
				);
				GCC_WARN_64_TO_32_BIT_CONVERSION = YES;
				GCC_WARN_ABOUT_RETURN_TYPE = YES_ERROR;
				GCC_WARN_UNDECLARED_SELECTOR = YES;
				GCC_WARN_UNINITIALIZED_AUTOS = YES_AGGRESSIVE;
				GCC_WARN_UNUSED_FUNCTION = YES;
				GCC_WARN_UNUSED_VARIABLE = YES;
				IPHONEOS_DEPLOYMENT_TARGET = 14.4;
				MTL_ENABLE_DEBUG_INFO = INCLUDE_SOURCE;
				MTL_FAST_MATH = YES;
				ONLY_ACTIVE_ARCH = YES;
				SDKROOT = iphoneos;
				SWIFT_ACTIVE_COMPILATION_CONDITIONS = DEBUG;
				SWIFT_OPTIMIZATION_LEVEL = "-Onone";
			};
			name = Debug;
		};
		B56EE61E26B3CCE40072512B /* Release */ = {
			isa = XCBuildConfiguration;
			buildSettings = {
				ALWAYS_SEARCH_USER_PATHS = NO;
				CLANG_ANALYZER_NONNULL = YES;
				CLANG_ANALYZER_NUMBER_OBJECT_CONVERSION = YES_AGGRESSIVE;
				CLANG_CXX_LANGUAGE_STANDARD = "gnu++14";
				CLANG_CXX_LIBRARY = "libc++";
				CLANG_ENABLE_MODULES = YES;
				CLANG_ENABLE_OBJC_ARC = YES;
				CLANG_ENABLE_OBJC_WEAK = YES;
				CLANG_WARN_BLOCK_CAPTURE_AUTORELEASING = YES;
				CLANG_WARN_BOOL_CONVERSION = YES;
				CLANG_WARN_COMMA = YES;
				CLANG_WARN_CONSTANT_CONVERSION = YES;
				CLANG_WARN_DEPRECATED_OBJC_IMPLEMENTATIONS = YES;
				CLANG_WARN_DIRECT_OBJC_ISA_USAGE = YES_ERROR;
				CLANG_WARN_DOCUMENTATION_COMMENTS = YES;
				CLANG_WARN_EMPTY_BODY = YES;
				CLANG_WARN_ENUM_CONVERSION = YES;
				CLANG_WARN_INFINITE_RECURSION = YES;
				CLANG_WARN_INT_CONVERSION = YES;
				CLANG_WARN_NON_LITERAL_NULL_CONVERSION = YES;
				CLANG_WARN_OBJC_IMPLICIT_RETAIN_SELF = YES;
				CLANG_WARN_OBJC_LITERAL_CONVERSION = YES;
				CLANG_WARN_OBJC_ROOT_CLASS = YES_ERROR;
				CLANG_WARN_QUOTED_INCLUDE_IN_FRAMEWORK_HEADER = YES;
				CLANG_WARN_RANGE_LOOP_ANALYSIS = YES;
				CLANG_WARN_STRICT_PROTOTYPES = YES;
				CLANG_WARN_SUSPICIOUS_MOVE = YES;
				CLANG_WARN_UNGUARDED_AVAILABILITY = YES_AGGRESSIVE;
				CLANG_WARN_UNREACHABLE_CODE = YES;
				CLANG_WARN__DUPLICATE_METHOD_MATCH = YES;
				COPY_PHASE_STRIP = NO;
				DEBUG_INFORMATION_FORMAT = "dwarf-with-dsym";
				ENABLE_NS_ASSERTIONS = NO;
				ENABLE_STRICT_OBJC_MSGSEND = YES;
				GCC_C_LANGUAGE_STANDARD = gnu11;
				GCC_NO_COMMON_BLOCKS = YES;
				GCC_WARN_64_TO_32_BIT_CONVERSION = YES;
				GCC_WARN_ABOUT_RETURN_TYPE = YES_ERROR;
				GCC_WARN_UNDECLARED_SELECTOR = YES;
				GCC_WARN_UNINITIALIZED_AUTOS = YES_AGGRESSIVE;
				GCC_WARN_UNUSED_FUNCTION = YES;
				GCC_WARN_UNUSED_VARIABLE = YES;
				IPHONEOS_DEPLOYMENT_TARGET = 14.4;
				MTL_ENABLE_DEBUG_INFO = NO;
				MTL_FAST_MATH = YES;
				SDKROOT = iphoneos;
				SWIFT_COMPILATION_MODE = wholemodule;
				SWIFT_OPTIMIZATION_LEVEL = "-O";
				VALIDATE_PRODUCT = YES;
			};
			name = Release;
		};
		B56EE62026B3CCE40072512B /* Debug */ = {
			isa = XCBuildConfiguration;
			buildSettings = {
				ASSETCATALOG_COMPILER_APPICON_NAME = AppIcon;
				ASSETCATALOG_COMPILER_GLOBAL_ACCENT_COLOR_NAME = AccentColor;
				CODE_SIGN_STYLE = Automatic;
				DEVELOPMENT_TEAM = WV9SZ4237Z;
				INFOPLIST_FILE = MegaQuizzer/Info.plist;
				LD_RUNPATH_SEARCH_PATHS = (
					"$(inherited)",
					"@executable_path/Frameworks",
				);
				PRODUCT_BUNDLE_IDENTIFIER = MaximGoryachkin.MegaQuizzer;
				PRODUCT_NAME = "$(TARGET_NAME)";
				SWIFT_VERSION = 5.0;
				TARGETED_DEVICE_FAMILY = "1,2";
			};
			name = Debug;
		};
		B56EE62126B3CCE40072512B /* Release */ = {
			isa = XCBuildConfiguration;
			buildSettings = {
				ASSETCATALOG_COMPILER_APPICON_NAME = AppIcon;
				ASSETCATALOG_COMPILER_GLOBAL_ACCENT_COLOR_NAME = AccentColor;
				CODE_SIGN_STYLE = Automatic;
				DEVELOPMENT_TEAM = WV9SZ4237Z;
				INFOPLIST_FILE = MegaQuizzer/Info.plist;
				LD_RUNPATH_SEARCH_PATHS = (
					"$(inherited)",
					"@executable_path/Frameworks",
				);
				PRODUCT_BUNDLE_IDENTIFIER = MaximGoryachkin.MegaQuizzer;
				PRODUCT_NAME = "$(TARGET_NAME)";
				SWIFT_VERSION = 5.0;
				TARGETED_DEVICE_FAMILY = "1,2";
			};
			name = Release;
		};
/* End XCBuildConfiguration section */

/* Begin XCConfigurationList section */
		B56EE60626B3CCE30072512B /* Build configuration list for PBXProject "MegaQuizzer" */ = {
			isa = XCConfigurationList;
			buildConfigurations = (
				B56EE61D26B3CCE40072512B /* Debug */,
				B56EE61E26B3CCE40072512B /* Release */,
			);
			defaultConfigurationIsVisible = 0;
			defaultConfigurationName = Release;
		};
		B56EE61F26B3CCE40072512B /* Build configuration list for PBXNativeTarget "MegaQuizzer" */ = {
			isa = XCConfigurationList;
			buildConfigurations = (
				B56EE62026B3CCE40072512B /* Debug */,
				B56EE62126B3CCE40072512B /* Release */,
			);
			defaultConfigurationIsVisible = 0;
			defaultConfigurationName = Release;
		};
/* End XCConfigurationList section */
	};
	rootObject = B56EE60326B3CCE30072512B /* Project object */;
}
